
Microsoft Visual Studio Solution File, Format Version 12.00
# Visual Studio Version 16
VisualStudioVersion = 16.0.30204.135
MinimumVisualStudioVersion = 10.0.40219.1
Project("{FAE04EC0-301F-11D3-BF4B-00C04F79EFBC}") = "3.6.2024-Dice", "3.6.2024-Dice\3.6.2024-Dice.csproj", "{B8AE2C83-1C55-4F08-9410-78E4B707B022}"
EndProject
Global
	GlobalSection(SolutionConfigurationPlatforms) = preSolution
		Debug|Any CPU = Debug|Any CPU
		Release|Any CPU = Release|Any CPU
	EndGlobalSection
	GlobalSection(ProjectConfigurationPlatforms) = postSolution
		{B8AE2C83-1C55-4F08-9410-78E4B707B022}.Debug|Any CPU.ActiveCfg = Debug|Any CPU
		{B8AE2C83-1C55-4F08-9410-78E4B707B022}.Debug|Any CPU.Build.0 = Debug|Any CPU
		{B8AE2C83-1C55-4F08-9410-78E4B707B022}.Release|Any CPU.ActiveCfg = Release|Any CPU
		{B8AE2C83-1C55-4F08-9410-78E4B707B022}.Release|Any CPU.Build.0 = Release|Any CPU
	EndGlobalSection
	GlobalSection(SolutionProperties) = preSolution
		HideSolutionNode = FALSE
	EndGlobalSection
	GlobalSection(ExtensibilityGlobals) = postSolution
		SolutionGuid = {578635BF-FCD2-4362-B112-5BB993E583A1}
	EndGlobalSection
EndGlobal
